// !$*UTF8*$!
{
	archiveVersion = 1;
	classes = {
	};
	objectVersion = 56;
	objects = {

/* Begin PBXBuildFile section */
		291F2DB72ADB3CB20001C651 /* Color.swift in Sources */ = {isa = PBXBuildFile; fileRef = 291F2DB62ADB3B9A0001C651 /* Color.swift */; };
		29E9E7442ADAF106003742D3 /* paratusApp.swift in Sources */ = {isa = PBXBuildFile; fileRef = 29E9E7432ADAF106003742D3 /* paratusApp.swift */; };
		29E9E7462ADAF106003742D3 /* ContentView.swift in Sources */ = {isa = PBXBuildFile; fileRef = 29E9E7452ADAF106003742D3 /* ContentView.swift */; };
		29E9E7482ADAF106003742D3 /* Item.swift in Sources */ = {isa = PBXBuildFile; fileRef = 29E9E7472ADAF106003742D3 /* Item.swift */; };
		29E9E74A2ADAF107003742D3 /* Assets.xcassets in Resources */ = {isa = PBXBuildFile; fileRef = 29E9E7492ADAF107003742D3 /* Assets.xcassets */; };
		29E9E74D2ADAF107003742D3 /* Preview Assets.xcassets in Resources */ = {isa = PBXBuildFile; fileRef = 29E9E74C2ADAF107003742D3 /* Preview Assets.xcassets */; };
		29EB11F62ADAFC1F0020C83C /* AddItemView.swift in Sources */ = {isa = PBXBuildFile; fileRef = 29EB11F52ADAFC1F0020C83C /* AddItemView.swift */; };
		29EB11FA2ADB322A0020C83C /* ItemCardView.swift in Sources */ = {isa = PBXBuildFile; fileRef = 29EB11F92ADB322A0020C83C /* ItemCardView.swift */; };
/* End PBXBuildFile section */

/* Begin PBXFileReference section */
		291F2DB62ADB3B9A0001C651 /* Color.swift */ = {isa = PBXFileReference; lastKnownFileType = sourcecode.swift; path = Color.swift; sourceTree = "<group>"; };
		29E9E7402ADAF106003742D3 /* paratus.app */ = {isa = PBXFileReference; explicitFileType = wrapper.application; includeInIndex = 0; path = paratus.app; sourceTree = BUILT_PRODUCTS_DIR; };
		29E9E7432ADAF106003742D3 /* paratusApp.swift */ = {isa = PBXFileReference; lastKnownFileType = sourcecode.swift; path = paratusApp.swift; sourceTree = "<group>"; };
		29E9E7452ADAF106003742D3 /* ContentView.swift */ = {isa = PBXFileReference; lastKnownFileType = sourcecode.swift; path = ContentView.swift; sourceTree = "<group>"; };
		29E9E7472ADAF106003742D3 /* Item.swift */ = {isa = PBXFileReference; lastKnownFileType = sourcecode.swift; path = Item.swift; sourceTree = "<group>"; };
		29E9E7492ADAF107003742D3 /* Assets.xcassets */ = {isa = PBXFileReference; lastKnownFileType = folder.assetcatalog; path = Assets.xcassets; sourceTree = "<group>"; };
		29E9E74C2ADAF107003742D3 /* Preview Assets.xcassets */ = {isa = PBXFileReference; lastKnownFileType = folder.assetcatalog; path = "Preview Assets.xcassets"; sourceTree = "<group>"; };
		29E9E7532ADAF150003742D3 /* README.md */ = {isa = PBXFileReference; lastKnownFileType = net.daringfireball.markdown; path = README.md; sourceTree = "<group>"; };
		29EB11F52ADAFC1F0020C83C /* AddItemView.swift */ = {isa = PBXFileReference; lastKnownFileType = sourcecode.swift; path = AddItemView.swift; sourceTree = "<group>"; };
		29EB11F92ADB322A0020C83C /* ItemCardView.swift */ = {isa = PBXFileReference; lastKnownFileType = sourcecode.swift; path = ItemCardView.swift; sourceTree = "<group>"; };
/* End PBXFileReference section */

/* Begin PBXFrameworksBuildPhase section */
		29E9E73D2ADAF106003742D3 /* Frameworks */ = {
			isa = PBXFrameworksBuildPhase;
			buildActionMask = 2147483647;
			files = (
			);
			runOnlyForDeploymentPostprocessing = 0;
		};
/* End PBXFrameworksBuildPhase section */

/* Begin PBXGroup section */
		291F2DB82ADB3D1E0001C651 /* Models */ = {
			isa = PBXGroup;
			children = (
				29E9E7472ADAF106003742D3 /* Item.swift */,
			);
			path = Models;
			sourceTree = "<group>";
		};
		291F2DB92ADB3D250001C651 /* Extensions */ = {
			isa = PBXGroup;
			children = (
				291F2DB62ADB3B9A0001C651 /* Color.swift */,
			);
			path = Extensions;
			sourceTree = "<group>";
		};
		29E9E7372ADAF106003742D3 = {
			isa = PBXGroup;
			children = (
				29E9E7532ADAF150003742D3 /* README.md */,
				29E9E7422ADAF106003742D3 /* paratus */,
				29E9E7412ADAF106003742D3 /* Products */,
			);
			sourceTree = "<group>";
		};
		29E9E7412ADAF106003742D3 /* Products */ = {
			isa = PBXGroup;
			children = (
				29E9E7402ADAF106003742D3 /* paratus.app */,
			);
			name = Products;
			sourceTree = "<group>";
		};
		29E9E7422ADAF106003742D3 /* paratus */ = {
			isa = PBXGroup;
			children = (
				291F2DB92ADB3D250001C651 /* Extensions */,
				291F2DB82ADB3D1E0001C651 /* Models */,
				29EB11F42ADAFC080020C83C /* Views */,
				29E9E7432ADAF106003742D3 /* paratusApp.swift */,
				29E9E7452ADAF106003742D3 /* ContentView.swift */,
				29E9E7492ADAF107003742D3 /* Assets.xcassets */,
				29E9E74B2ADAF107003742D3 /* Preview Content */,
			);
			path = paratus;
			sourceTree = "<group>";
		};
		29E9E74B2ADAF107003742D3 /* Preview Content */ = {
			isa = PBXGroup;
			children = (
				29E9E74C2ADAF107003742D3 /* Preview Assets.xcassets */,
			);
			path = "Preview Content";
			sourceTree = "<group>";
		};
		29EB11F42ADAFC080020C83C /* Views */ = {
			isa = PBXGroup;
			children = (
				29EB11F52ADAFC1F0020C83C /* AddItemView.swift */,
				29EB11F92ADB322A0020C83C /* ItemCardView.swift */,
			);
			path = Views;
			sourceTree = "<group>";
		};
/* End PBXGroup section */

/* Begin PBXNativeTarget section */
		29E9E73F2ADAF106003742D3 /* paratus */ = {
			isa = PBXNativeTarget;
			buildConfigurationList = 29E9E7502ADAF107003742D3 /* Build configuration list for PBXNativeTarget "paratus" */;
			buildPhases = (
				29E9E73C2ADAF106003742D3 /* Sources */,
				29E9E73D2ADAF106003742D3 /* Frameworks */,
				29E9E73E2ADAF106003742D3 /* Resources */,
			);
			buildRules = (
			);
			dependencies = (
			);
			name = paratus;
			productName = paratus;
			productReference = 29E9E7402ADAF106003742D3 /* paratus.app */;
			productType = "com.apple.product-type.application";
		};
/* End PBXNativeTarget section */

/* Begin PBXProject section */
		29E9E7382ADAF106003742D3 /* Project object */ = {
			isa = PBXProject;
			attributes = {
				BuildIndependentTargetsInParallel = 1;
				LastSwiftUpdateCheck = 1500;
				LastUpgradeCheck = 1500;
				TargetAttributes = {
					29E9E73F2ADAF106003742D3 = {
						CreatedOnToolsVersion = 15.0;
					};
				};
			};
			buildConfigurationList = 29E9E73B2ADAF106003742D3 /* Build configuration list for PBXProject "paratus" */;
			compatibilityVersion = "Xcode 14.0";
			developmentRegion = en;
			hasScannedForEncodings = 0;
			knownRegions = (
				en,
				Base,
			);
			mainGroup = 29E9E7372ADAF106003742D3;
			productRefGroup = 29E9E7412ADAF106003742D3 /* Products */;
			projectDirPath = "";
			projectRoot = "";
			targets = (
				29E9E73F2ADAF106003742D3 /* paratus */,
			);
		};
/* End PBXProject section */

/* Begin PBXResourcesBuildPhase section */
		29E9E73E2ADAF106003742D3 /* Resources */ = {
			isa = PBXResourcesBuildPhase;
			buildActionMask = 2147483647;
			files = (
				29E9E74D2ADAF107003742D3 /* Preview Assets.xcassets in Resources */,
				29E9E74A2ADAF107003742D3 /* Assets.xcassets in Resources */,
			);
			runOnlyForDeploymentPostprocessing = 0;
		};
/* End PBXResourcesBuildPhase section */

/* Begin PBXSourcesBuildPhase section */
		29E9E73C2ADAF106003742D3 /* Sources */ = {
			isa = PBXSourcesBuildPhase;
			buildActionMask = 2147483647;
			files = (
				29E9E7462ADAF106003742D3 /* ContentView.swift in Sources */,
				29E9E7482ADAF106003742D3 /* Item.swift in Sources */,
				29E9E7442ADAF106003742D3 /* paratusApp.swift in Sources */,
				29EB11FA2ADB322A0020C83C /* ItemCardView.swift in Sources */,
				29EB11F62ADAFC1F0020C83C /* AddItemView.swift in Sources */,
				291F2DB72ADB3CB20001C651 /* Color.swift in Sources */,
			);
			runOnlyForDeploymentPostprocessing = 0;
		};
/* End PBXSourcesBuildPhase section */

/* Begin XCBuildConfiguration section */
		29E9E74E2ADAF107003742D3 /* Debug */ = {
			isa = XCBuildConfiguration;
			buildSettings = {
				ALWAYS_SEARCH_USER_PATHS = NO;
				ASSETCATALOG_COMPILER_GENERATE_SWIFT_ASSET_SYMBOL_EXTENSIONS = YES;
				CLANG_ANALYZER_NONNULL = YES;
				CLANG_ANALYZER_NUMBER_OBJECT_CONVERSION = YES_AGGRESSIVE;
				CLANG_CXX_LANGUAGE_STANDARD = "gnu++20";
				CLANG_ENABLE_MODULES = YES;
				CLANG_ENABLE_OBJC_ARC = YES;
				CLANG_ENABLE_OBJC_WEAK = YES;
				CLANG_WARN_BLOCK_CAPTURE_AUTORELEASING = YES;
				CLANG_WARN_BOOL_CONVERSION = YES;
				CLANG_WARN_COMMA = YES;
				CLANG_WARN_CONSTANT_CONVERSION = YES;
				CLANG_WARN_DEPRECATED_OBJC_IMPLEMENTATIONS = YES;
				CLANG_WARN_DIRECT_OBJC_ISA_USAGE = YES_ERROR;
				CLANG_WARN_DOCUMENTATION_COMMENTS = YES;
				CLANG_WARN_EMPTY_BODY = YES;
				CLANG_WARN_ENUM_CONVERSION = YES;
				CLANG_WARN_INFINITE_RECURSION = YES;
				CLANG_WARN_INT_CONVERSION = YES;
				CLANG_WARN_NON_LITERAL_NULL_CONVERSION = YES;
				CLANG_WARN_OBJC_IMPLICIT_RETAIN_SELF = YES;
				CLANG_WARN_OBJC_LITERAL_CONVERSION = YES;
				CLANG_WARN_OBJC_ROOT_CLASS = YES_ERROR;
				CLANG_WARN_QUOTED_INCLUDE_IN_FRAMEWORK_HEADER = YES;
				CLANG_WARN_RANGE_LOOP_ANALYSIS = YES;
				CLANG_WARN_STRICT_PROTOTYPES = YES;
				CLANG_WARN_SUSPICIOUS_MOVE = YES;
				CLANG_WARN_UNGUARDED_AVAILABILITY = YES_AGGRESSIVE;
				CLANG_WARN_UNREACHABLE_CODE = YES;
				CLANG_WARN__DUPLICATE_METHOD_MATCH = YES;
				COPY_PHASE_STRIP = NO;
				DEBUG_INFORMATION_FORMAT = dwarf;
				ENABLE_STRICT_OBJC_MSGSEND = YES;
				ENABLE_TESTABILITY = YES;
				ENABLE_USER_SCRIPT_SANDBOXING = YES;
				GCC_C_LANGUAGE_STANDARD = gnu17;
				GCC_DYNAMIC_NO_PIC = NO;
				GCC_NO_COMMON_BLOCKS = YES;
				GCC_OPTIMIZATION_LEVEL = 0;
				GCC_PREPROCESSOR_DEFINITIONS = (
					"DEBUG=1",
					"$(inherited)",
				);
				GCC_WARN_64_TO_32_BIT_CONVERSION = YES;
				GCC_WARN_ABOUT_RETURN_TYPE = YES_ERROR;
				GCC_WARN_UNDECLARED_SELECTOR = YES;
				GCC_WARN_UNINITIALIZED_AUTOS = YES_AGGRESSIVE;
				GCC_WARN_UNUSED_FUNCTION = YES;
				GCC_WARN_UNUSED_VARIABLE = YES;
				IPHONEOS_DEPLOYMENT_TARGET = 17.0;
				LOCALIZATION_PREFERS_STRING_CATALOGS = YES;
				MTL_ENABLE_DEBUG_INFO = INCLUDE_SOURCE;
				MTL_FAST_MATH = YES;
				ONLY_ACTIVE_ARCH = YES;
				SDKROOT = iphoneos;
				SWIFT_ACTIVE_COMPILATION_CONDITIONS = "DEBUG $(inherited)";
				SWIFT_OPTIMIZATION_LEVEL = "-Onone";
			};
			name = Debug;
		};
		29E9E74F2ADAF107003742D3 /* Release */ = {
			isa = XCBuildConfiguration;
			buildSettings = {
				ALWAYS_SEARCH_USER_PATHS = NO;
				ASSETCATALOG_COMPILER_GENERATE_SWIFT_ASSET_SYMBOL_EXTENSIONS = YES;
				CLANG_ANALYZER_NONNULL = YES;
				CLANG_ANALYZER_NUMBER_OBJECT_CONVERSION = YES_AGGRESSIVE;
				CLANG_CXX_LANGUAGE_STANDARD = "gnu++20";
				CLANG_ENABLE_MODULES = YES;
				CLANG_ENABLE_OBJC_ARC = YES;
				CLANG_ENABLE_OBJC_WEAK = YES;
				CLANG_WARN_BLOCK_CAPTURE_AUTORELEASING = YES;
				CLANG_WARN_BOOL_CONVERSION = YES;
				CLANG_WARN_COMMA = YES;
				CLANG_WARN_CONSTANT_CONVERSION = YES;
				CLANG_WARN_DEPRECATED_OBJC_IMPLEMENTATIONS = YES;
				CLANG_WARN_DIRECT_OBJC_ISA_USAGE = YES_ERROR;
				CLANG_WARN_DOCUMENTATION_COMMENTS = YES;
				CLANG_WARN_EMPTY_BODY = YES;
				CLANG_WARN_ENUM_CONVERSION = YES;
				CLANG_WARN_INFINITE_RECURSION = YES;
				CLANG_WARN_INT_CONVERSION = YES;
				CLANG_WARN_NON_LITERAL_NULL_CONVERSION = YES;
				CLANG_WARN_OBJC_IMPLICIT_RETAIN_SELF = YES;
				CLANG_WARN_OBJC_LITERAL_CONVERSION = YES;
				CLANG_WARN_OBJC_ROOT_CLASS = YES_ERROR;
				CLANG_WARN_QUOTED_INCLUDE_IN_FRAMEWORK_HEADER = YES;
				CLANG_WARN_RANGE_LOOP_ANALYSIS = YES;
				CLANG_WARN_STRICT_PROTOTYPES = YES;
				CLANG_WARN_SUSPICIOUS_MOVE = YES;
				CLANG_WARN_UNGUARDED_AVAILABILITY = YES_AGGRESSIVE;
				CLANG_WARN_UNREACHABLE_CODE = YES;
				CLANG_WARN__DUPLICATE_METHOD_MATCH = YES;
				COPY_PHASE_STRIP = NO;
				DEBUG_INFORMATION_FORMAT = "dwarf-with-dsym";
				ENABLE_NS_ASSERTIONS = NO;
				ENABLE_STRICT_OBJC_MSGSEND = YES;
				ENABLE_USER_SCRIPT_SANDBOXING = YES;
				GCC_C_LANGUAGE_STANDARD = gnu17;
				GCC_NO_COMMON_BLOCKS = YES;
				GCC_WARN_64_TO_32_BIT_CONVERSION = YES;
				GCC_WARN_ABOUT_RETURN_TYPE = YES_ERROR;
				GCC_WARN_UNDECLARED_SELECTOR = YES;
				GCC_WARN_UNINITIALIZED_AUTOS = YES_AGGRESSIVE;
				GCC_WARN_UNUSED_FUNCTION = YES;
				GCC_WARN_UNUSED_VARIABLE = YES;
				IPHONEOS_DEPLOYMENT_TARGET = 17.0;
				LOCALIZATION_PREFERS_STRING_CATALOGS = YES;
				MTL_ENABLE_DEBUG_INFO = NO;
				MTL_FAST_MATH = YES;
				SDKROOT = iphoneos;
				SWIFT_COMPILATION_MODE = wholemodule;
				VALIDATE_PRODUCT = YES;
			};
			name = Release;
		};
		29E9E7512ADAF107003742D3 /* Debug */ = {
			isa = XCBuildConfiguration;
			buildSettings = {
				ASSETCATALOG_COMPILER_APPICON_NAME = AppIcon;
				ASSETCATALOG_COMPILER_GLOBAL_ACCENT_COLOR_NAME = AccentColor;
				CODE_SIGN_STYLE = Automatic;
				CURRENT_PROJECT_VERSION = 1;
				DEVELOPMENT_ASSET_PATHS = "\"paratus/Preview Content\"";
				DEVELOPMENT_TEAM = 3QJWLN2735;
				ENABLE_PREVIEWS = YES;
				GENERATE_INFOPLIST_FILE = YES;
				INFOPLIST_KEY_UIApplicationSceneManifest_Generation = YES;
				INFOPLIST_KEY_UIApplicationSupportsIndirectInputEvents = YES;
				INFOPLIST_KEY_UILaunchScreen_Generation = YES;
				INFOPLIST_KEY_UISupportedInterfaceOrientations_iPad = "UIInterfaceOrientationPortrait UIInterfaceOrientationPortraitUpsideDown UIInterfaceOrientationLandscapeLeft UIInterfaceOrientationLandscapeRight";
				INFOPLIST_KEY_UISupportedInterfaceOrientations_iPhone = "UIInterfaceOrientationPortrait UIInterfaceOrientationLandscapeLeft UIInterfaceOrientationLandscapeRight";
				LD_RUNPATH_SEARCH_PATHS = (
					"$(inherited)",
					"@executable_path/Frameworks",
				);
				MARKETING_VERSION = 1.0;
				PRODUCT_BUNDLE_IDENTIFIER = com.illizen.paratus;
				PRODUCT_NAME = "$(TARGET_NAME)";
				SWIFT_EMIT_LOC_STRINGS = YES;
				SWIFT_VERSION = 5.0;
				TARGETED_DEVICE_FAMILY = "1,2";
			};
			name = Debug;
		};
		29E9E7522ADAF107003742D3 /* Release */ = {
			isa = XCBuildConfiguration;
			buildSettings = {
				ASSETCATALOG_COMPILER_APPICON_NAME = AppIcon;
				ASSETCATALOG_COMPILER_GLOBAL_ACCENT_COLOR_NAME = AccentColor;
				CODE_SIGN_STYLE = Automatic;
				CURRENT_PROJECT_VERSION = 1;
				DEVELOPMENT_ASSET_PATHS = "\"paratus/Preview Content\"";
				DEVELOPMENT_TEAM = 3QJWLN2735;
				ENABLE_PREVIEWS = YES;
				GENERATE_INFOPLIST_FILE = YES;
				INFOPLIST_KEY_UIApplicationSceneManifest_Generation = YES;
				INFOPLIST_KEY_UIApplicationSupportsIndirectInputEvents = YES;
				INFOPLIST_KEY_UILaunchScreen_Generation = YES;
				INFOPLIST_KEY_UISupportedInterfaceOrientations_iPad = "UIInterfaceOrientationPortrait UIInterfaceOrientationPortraitUpsideDown UIInterfaceOrientationLandscapeLeft UIInterfaceOrientationLandscapeRight";
				INFOPLIST_KEY_UISupportedInterfaceOrientations_iPhone = "UIInterfaceOrientationPortrait UIInterfaceOrientationLandscapeLeft UIInterfaceOrientationLandscapeRight";
				LD_RUNPATH_SEARCH_PATHS = (
					"$(inherited)",
					"@executable_path/Frameworks",
				);
				MARKETING_VERSION = 1.0;
				PRODUCT_BUNDLE_IDENTIFIER = com.illizen.paratus;
				PRODUCT_NAME = "$(TARGET_NAME)";
				SWIFT_EMIT_LOC_STRINGS = YES;
				SWIFT_VERSION = 5.0;
				TARGETED_DEVICE_FAMILY = "1,2";
			};
			name = Release;
		};
/* End XCBuildConfiguration section */

/* Begin XCConfigurationList section */
		29E9E73B2ADAF106003742D3 /* Build configuration list for PBXProject "paratus" */ = {
			isa = XCConfigurationList;
			buildConfigurations = (
				29E9E74E2ADAF107003742D3 /* Debug */,
				29E9E74F2ADAF107003742D3 /* Release */,
			);
			defaultConfigurationIsVisible = 0;
			defaultConfigurationName = Release;
		};
		29E9E7502ADAF107003742D3 /* Build configuration list for PBXNativeTarget "paratus" */ = {
			isa = XCConfigurationList;
			buildConfigurations = (
				29E9E7512ADAF107003742D3 /* Debug */,
				29E9E7522ADAF107003742D3 /* Release */,
			);
			defaultConfigurationIsVisible = 0;
			defaultConfigurationName = Release;
		};
/* End XCConfigurationList section */
	};
	rootObject = 29E9E7382ADAF106003742D3 /* Project object */;
}
